
Microsoft Visual Studio Solution File, Format Version 12.00
# Visual Studio Version 17
VisualStudioVersion = 17.10.34916.146
MinimumVisualStudioVersion = 10.0.40219.1
Project("{FAE04EC0-301F-11D3-BF4B-00C04F79EFBC}") = "Basics_UsingUnitTest", "Basics_UsingUnitTest.csproj", "{B2D8E1ED-CE41-4F42-AE68-B7AAC67F97D9}"
EndProject
Project("{FAE04EC0-301F-11D3-BF4B-00C04F79EFBC}") = "BankTests", "..\BankTests\BankTests.csproj", "{26AD9A42-E8F3-4654-8F1A-744B62FA90E8}"
EndProject
Global
	GlobalSection(SolutionConfigurationPlatforms) = preSolution
		Debug|Any CPU = Debug|Any CPU
		Release|Any CPU = Release|Any CPU
	EndGlobalSection
	GlobalSection(ProjectConfigurationPlatforms) = postSolution
		{B2D8E1ED-CE41-4F42-AE68-B7AAC67F97D9}.Debug|Any CPU.ActiveCfg = Debug|Any CPU
		{B2D8E1ED-CE41-4F42-AE68-B7AAC67F97D9}.Debug|Any CPU.Build.0 = Debug|Any CPU
		{B2D8E1ED-CE41-4F42-AE68-B7AAC67F97D9}.Release|Any CPU.ActiveCfg = Release|Any CPU
		{B2D8E1ED-CE41-4F42-AE68-B7AAC67F97D9}.Release|Any CPU.Build.0 = Release|Any CPU
		{26AD9A42-E8F3-4654-8F1A-744B62FA90E8}.Debug|Any CPU.ActiveCfg = Debug|Any CPU
		{26AD9A42-E8F3-4654-8F1A-744B62FA90E8}.Debug|Any CPU.Build.0 = Debug|Any CPU
		{26AD9A42-E8F3-4654-8F1A-744B62FA90E8}.Release|Any CPU.ActiveCfg = Release|Any CPU
		{26AD9A42-E8F3-4654-8F1A-744B62FA90E8}.Release|Any CPU.Build.0 = Release|Any CPU
	EndGlobalSection
	GlobalSection(SolutionProperties) = preSolution
		HideSolutionNode = FALSE
	EndGlobalSection
	GlobalSection(ExtensibilityGlobals) = postSolution
		SolutionGuid = {0829E620-ADE5-4AAC-B47E-E7EF9029F2BA}
	EndGlobalSection
EndGlobal
